
Microsoft Visual Studio Solution File, Format Version 12.00
# Visual Studio Version 17
VisualStudioVersion = 17.3.32505.426
MinimumVisualStudioVersion = 10.0.40219.1
Project("{9A19103F-16F7-4668-BE54-9A1E7A4F7556}") = "ThreeArrays", "ThreeArrays.csproj", "{C5090E8D-2443-455D-A298-C41F97141EB7}"
EndProject
Global
	GlobalSection(SolutionConfigurationPlatforms) = preSolution
		Debug|Any CPU = Debug|Any CPU
		Release|Any CPU = Release|Any CPU
	EndGlobalSection
	GlobalSection(ProjectConfigurationPlatforms) = postSolution
		{C5090E8D-2443-455D-A298-C41F97141EB7}.Debug|Any CPU.ActiveCfg = Debug|Any CPU
		{C5090E8D-2443-455D-A298-C41F97141EB7}.Debug|Any CPU.Build.0 = Debug|Any CPU
		{C5090E8D-2443-455D-A298-C41F97141EB7}.Release|Any CPU.ActiveCfg = Release|Any CPU
		{C5090E8D-2443-455D-A298-C41F97141EB7}.Release|Any CPU.Build.0 = Release|Any CPU
	EndGlobalSection
	GlobalSection(SolutionProperties) = preSolution
		HideSolutionNode = FALSE
	EndGlobalSection
	GlobalSection(ExtensibilityGlobals) = postSolution
		SolutionGuid = {5977350A-8C2A-4CCE-8C0B-999FCFF7CA51}
	EndGlobalSection
EndGlobal
