
Microsoft Visual Studio Solution File, Format Version 12.00
# Visual Studio Version 17
VisualStudioVersion = 17.3.32505.426
MinimumVisualStudioVersion = 10.0.40219.1
Project("{9A19103F-16F7-4668-BE54-9A1E7A4F7556}") = "PriorityQueue.Core", "PriorityQueue\PriorityQueue.Core.csproj", "{97206F70-DB79-4BF6-8E16-3EA192F12508}"
EndProject
Global
	GlobalSection(SolutionConfigurationPlatforms) = preSolution
		Debug|Any CPU = Debug|Any CPU
		Release|Any CPU = Release|Any CPU
	EndGlobalSection
	GlobalSection(ProjectConfigurationPlatforms) = postSolution
		{97206F70-DB79-4BF6-8E16-3EA192F12508}.Debug|Any CPU.ActiveCfg = Debug|Any CPU
		{97206F70-DB79-4BF6-8E16-3EA192F12508}.Debug|Any CPU.Build.0 = Debug|Any CPU
		{97206F70-DB79-4BF6-8E16-3EA192F12508}.Release|Any CPU.ActiveCfg = Release|Any CPU
		{97206F70-DB79-4BF6-8E16-3EA192F12508}.Release|Any CPU.Build.0 = Release|Any CPU
	EndGlobalSection
	GlobalSection(SolutionProperties) = preSolution
		HideSolutionNode = FALSE
	EndGlobalSection
	GlobalSection(ExtensibilityGlobals) = postSolution
		SolutionGuid = {A57772E9-3446-4069-B122-A65726D7AC9F}
	EndGlobalSection
EndGlobal
